<Solution>
  <Project Path="src/OpsPilot.Domain/OpsPilot.Domain.csproj" />
  <Project Path="src/OpsPilot.Application/OpsPilot.Application.csproj" />
  <Project Path="src/OpsPilot.Infrastructure/OpsPilot.Infrastructure.csproj" />
  <Project Path="src/OpsPilot.Console/OpsPilot.Console.csproj" />
</Solution>
